
Microsoft Visual Studio Solution File, Format Version 12.00
# Visual Studio Version 17
VisualStudioVersion = 17.0.31903.59
MinimumVisualStudioVersion = 10.0.40219.1
Project("{2150E333-8FDC-42A3-9474-1A3956D46DE8}") = "src", "src", "{C8697496-EBA8-41DB-A4DE-F2669A1FA1F7}"
EndProject
Project("{2150E333-8FDC-42A3-9474-1A3956D46DE8}") = "Identity", "Identity", "{2CCAFB93-206C-4158-97CF-3A893131D465}"
EndProject
Project("{FAE04EC0-301F-11D3-BF4B-00C04F79EFBC}") = "Identity.Api", "src\Identity\Identity.Api\Identity.Api.csproj", "{2C74001C-B648-4513-807B-9DF66E2C6B21}"
EndProject
Project("{FAE04EC0-301F-11D3-BF4B-00C04F79EFBC}") = "Identity.Application", "src\Identity\Identity.Application\Identity.Application.csproj", "{F2C790F7-8877-4621-8FBA-6A7F641CC47D}"
EndProject
Project("{FAE04EC0-301F-11D3-BF4B-00C04F79EFBC}") = "Identity.Infrastructure", "src\Identity\Identity.Infrastructure\Identity.Infrastructure.csproj", "{BB7A5847-A917-4E84-AB6D-82B03BAB6741}"
EndProject
Project("{FAE04EC0-301F-11D3-BF4B-00C04F79EFBC}") = "Identity.Domain", "src\Identity\Identity.Domain\Identity.Domain.csproj", "{89333C81-66F0-428B-86BE-6397B1E2475E}"
EndProject
Project("{FAE04EC0-301F-11D3-BF4B-00C04F79EFBC}") = "Identity.IoC", "src\Identity\Identity.IoC\Identity.IoC.csproj", "{A9F686AC-F399-4702-94A2-0FCDAE1FB5E4}"
EndProject
Project("{2150E333-8FDC-42A3-9474-1A3956D46DE8}") = "Inventory", "Inventory", "{E05E462B-D67F-4497-885D-F2006DC41D96}"
EndProject
Project("{FAE04EC0-301F-11D3-BF4B-00C04F79EFBC}") = "Inventory.Api", "src\Inventory\Inventory.Api\Inventory.Api.csproj", "{73AF0193-31AE-46F3-89F6-7F24AEC2390F}"
EndProject
Project("{FAE04EC0-301F-11D3-BF4B-00C04F79EFBC}") = "Inventory.Application", "src\Inventory\Inventory.Application\Inventory.Application.csproj", "{B47236EA-3FCE-4C13-9B51-CEEF95DBC30D}"
EndProject
Project("{FAE04EC0-301F-11D3-BF4B-00C04F79EFBC}") = "Inventory.Infrastructure", "src\Inventory\Inventory.Infrastructure\Inventory.Infrastructure.csproj", "{C4533DB0-4D79-4A54-84DD-738C5D2C1AAE}"
EndProject
Project("{FAE04EC0-301F-11D3-BF4B-00C04F79EFBC}") = "Inventory.Domain", "src\Inventory\Inventory.Domain\Inventory.Domain.csproj", "{DB2CDA37-93EF-4A68-8DE7-A9205B720417}"
EndProject
Project("{FAE04EC0-301F-11D3-BF4B-00C04F79EFBC}") = "Inventory.IoC", "src\Inventory\Inventory.IoC\Inventory.IoC.csproj", "{3E184EB9-3722-4248-A0A7-8A46792FB2DE}"
EndProject
Project("{2150E333-8FDC-42A3-9474-1A3956D46DE8}") = "Notification", "Notification", "{FFE2A34D-6231-4870-9AF5-A3C5C34C0F36}"
EndProject
Project("{FAE04EC0-301F-11D3-BF4B-00C04F79EFBC}") = "Notification.Worker", "src\Notification\Notification.Worker\Notification.Worker.csproj", "{8474A4FD-BCA1-4EBE-B5F4-88CE33E55FD6}"
EndProject
Project("{2150E333-8FDC-42A3-9474-1A3956D46DE8}") = "PaymentSystem", "PaymentSystem", "{74D8087E-9F39-4DF6-975B-FA8D2AE7B084}"
EndProject
Project("{FAE04EC0-301F-11D3-BF4B-00C04F79EFBC}") = "PaymentSystem.Api", "src\PaymentSystem\PaymentSystem.Api\PaymentSystem.Api.csproj", "{A1BF326D-0356-4264-9E7C-7089D7D39219}"
EndProject
Project("{FAE04EC0-301F-11D3-BF4B-00C04F79EFBC}") = "PaymentSystem.Application", "src\PaymentSystem\PaymentSystem.Application\PaymentSystem.Application.csproj", "{3EE37942-2C8C-41E3-8E87-7740C15120A3}"
EndProject
Project("{FAE04EC0-301F-11D3-BF4B-00C04F79EFBC}") = "PaymentSystem.Infrastructure", "src\PaymentSystem\PaymentSystem.Infrastructure\PaymentSystem.Infrastructure.csproj", "{28A3B53E-49DB-4243-8A54-A8AA582842B3}"
EndProject
Project("{FAE04EC0-301F-11D3-BF4B-00C04F79EFBC}") = "PaymentSystem.Domain", "src\PaymentSystem\PaymentSystem.Domain\PaymentSystem.Domain.csproj", "{44646132-624F-40A0-BE8E-AC4E58AAC96F}"
EndProject
Project("{FAE04EC0-301F-11D3-BF4B-00C04F79EFBC}") = "PaymentSystem.IoC", "src\PaymentSystem\PaymentSystem.IoC\PaymentSystem.IoC.csproj", "{B87C4A7F-6421-42AA-92BC-7D6D4F90FF96}"
EndProject
Project("{2150E333-8FDC-42A3-9474-1A3956D46DE8}") = "RentalManagement", "RentalManagement", "{DA5F032C-90AD-4653-8754-210535E03D0C}"
EndProject
Project("{FAE04EC0-301F-11D3-BF4B-00C04F79EFBC}") = "RentalManagement.Api", "src\RentalManagement\RentalManagement.Api\RentalManagement.Api.csproj", "{07639987-802F-40DA-8C93-43EE0BA1992F}"
EndProject
Project("{FAE04EC0-301F-11D3-BF4B-00C04F79EFBC}") = "RentalManagement.Application", "src\RentalManagement\RentalManagement.Application\RentalManagement.Application.csproj", "{5819BF88-CD07-4E85-BCC8-F08909996405}"
EndProject
Project("{FAE04EC0-301F-11D3-BF4B-00C04F79EFBC}") = "RentalManagement.Infrastructure", "src\RentalManagement\RentalManagement.Infrastructure\RentalManagement.Infrastructure.csproj", "{59D54D10-4CB0-4E08-AF17-AB5F7121779E}"
EndProject
Project("{FAE04EC0-301F-11D3-BF4B-00C04F79EFBC}") = "RentalManagement.Domain", "src\RentalManagement\RentalManagement.Domain\RentalManagement.Domain.csproj", "{57B71854-BA7D-4FFE-B8A4-B88ED4B2499D}"
EndProject
Project("{FAE04EC0-301F-11D3-BF4B-00C04F79EFBC}") = "RentalManagement.IoC", "src\RentalManagement\RentalManagement.IoC\RentalManagement.IoC.csproj", "{F6B25123-15F0-4C83-B328-7D02AD94A1DF}"
EndProject
Global
	GlobalSection(SolutionConfigurationPlatforms) = preSolution
		Debug|Any CPU = Debug|Any CPU
		Release|Any CPU = Release|Any CPU
	EndGlobalSection
	GlobalSection(SolutionProperties) = preSolution
		HideSolutionNode = FALSE
	EndGlobalSection
	GlobalSection(ProjectConfigurationPlatforms) = postSolution
		{2C74001C-B648-4513-807B-9DF66E2C6B21}.Debug|Any CPU.ActiveCfg = Debug|Any CPU
		{2C74001C-B648-4513-807B-9DF66E2C6B21}.Debug|Any CPU.Build.0 = Debug|Any CPU
		{2C74001C-B648-4513-807B-9DF66E2C6B21}.Release|Any CPU.ActiveCfg = Release|Any CPU
		{2C74001C-B648-4513-807B-9DF66E2C6B21}.Release|Any CPU.Build.0 = Release|Any CPU
		{F2C790F7-8877-4621-8FBA-6A7F641CC47D}.Debug|Any CPU.ActiveCfg = Debug|Any CPU
		{F2C790F7-8877-4621-8FBA-6A7F641CC47D}.Debug|Any CPU.Build.0 = Debug|Any CPU
		{F2C790F7-8877-4621-8FBA-6A7F641CC47D}.Release|Any CPU.ActiveCfg = Release|Any CPU
		{F2C790F7-8877-4621-8FBA-6A7F641CC47D}.Release|Any CPU.Build.0 = Release|Any CPU
		{BB7A5847-A917-4E84-AB6D-82B03BAB6741}.Debug|Any CPU.ActiveCfg = Debug|Any CPU
		{BB7A5847-A917-4E84-AB6D-82B03BAB6741}.Debug|Any CPU.Build.0 = Debug|Any CPU
		{BB7A5847-A917-4E84-AB6D-82B03BAB6741}.Release|Any CPU.ActiveCfg = Release|Any CPU
		{BB7A5847-A917-4E84-AB6D-82B03BAB6741}.Release|Any CPU.Build.0 = Release|Any CPU
		{89333C81-66F0-428B-86BE-6397B1E2475E}.Debug|Any CPU.ActiveCfg = Debug|Any CPU
		{89333C81-66F0-428B-86BE-6397B1E2475E}.Debug|Any CPU.Build.0 = Debug|Any CPU
		{89333C81-66F0-428B-86BE-6397B1E2475E}.Release|Any CPU.ActiveCfg = Release|Any CPU
		{89333C81-66F0-428B-86BE-6397B1E2475E}.Release|Any CPU.Build.0 = Release|Any CPU
		{A9F686AC-F399-4702-94A2-0FCDAE1FB5E4}.Debug|Any CPU.ActiveCfg = Debug|Any CPU
		{A9F686AC-F399-4702-94A2-0FCDAE1FB5E4}.Debug|Any CPU.Build.0 = Debug|Any CPU
		{A9F686AC-F399-4702-94A2-0FCDAE1FB5E4}.Release|Any CPU.ActiveCfg = Release|Any CPU
		{A9F686AC-F399-4702-94A2-0FCDAE1FB5E4}.Release|Any CPU.Build.0 = Release|Any CPU
		{73AF0193-31AE-46F3-89F6-7F24AEC2390F}.Debug|Any CPU.ActiveCfg = Debug|Any CPU
		{73AF0193-31AE-46F3-89F6-7F24AEC2390F}.Debug|Any CPU.Build.0 = Debug|Any CPU
		{73AF0193-31AE-46F3-89F6-7F24AEC2390F}.Release|Any CPU.ActiveCfg = Release|Any CPU
		{73AF0193-31AE-46F3-89F6-7F24AEC2390F}.Release|Any CPU.Build.0 = Release|Any CPU
		{B47236EA-3FCE-4C13-9B51-CEEF95DBC30D}.Debug|Any CPU.ActiveCfg = Debug|Any CPU
		{B47236EA-3FCE-4C13-9B51-CEEF95DBC30D}.Debug|Any CPU.Build.0 = Debug|Any CPU
		{B47236EA-3FCE-4C13-9B51-CEEF95DBC30D}.Release|Any CPU.ActiveCfg = Release|Any CPU
		{B47236EA-3FCE-4C13-9B51-CEEF95DBC30D}.Release|Any CPU.Build.0 = Release|Any CPU
		{C4533DB0-4D79-4A54-84DD-738C5D2C1AAE}.Debug|Any CPU.ActiveCfg = Debug|Any CPU
		{C4533DB0-4D79-4A54-84DD-738C5D2C1AAE}.Debug|Any CPU.Build.0 = Debug|Any CPU
		{C4533DB0-4D79-4A54-84DD-738C5D2C1AAE}.Release|Any CPU.ActiveCfg = Release|Any CPU
		{C4533DB0-4D79-4A54-84DD-738C5D2C1AAE}.Release|Any CPU.Build.0 = Release|Any CPU
		{DB2CDA37-93EF-4A68-8DE7-A9205B720417}.Debug|Any CPU.ActiveCfg = Debug|Any CPU
		{DB2CDA37-93EF-4A68-8DE7-A9205B720417}.Debug|Any CPU.Build.0 = Debug|Any CPU
		{DB2CDA37-93EF-4A68-8DE7-A9205B720417}.Release|Any CPU.ActiveCfg = Release|Any CPU
		{DB2CDA37-93EF-4A68-8DE7-A9205B720417}.Release|Any CPU.Build.0 = Release|Any CPU
		{3E184EB9-3722-4248-A0A7-8A46792FB2DE}.Debug|Any CPU.ActiveCfg = Debug|Any CPU
		{3E184EB9-3722-4248-A0A7-8A46792FB2DE}.Debug|Any CPU.Build.0 = Debug|Any CPU
		{3E184EB9-3722-4248-A0A7-8A46792FB2DE}.Release|Any CPU.ActiveCfg = Release|Any CPU
		{3E184EB9-3722-4248-A0A7-8A46792FB2DE}.Release|Any CPU.Build.0 = Release|Any CPU
		{8474A4FD-BCA1-4EBE-B5F4-88CE33E55FD6}.Debug|Any CPU.ActiveCfg = Debug|Any CPU
		{8474A4FD-BCA1-4EBE-B5F4-88CE33E55FD6}.Debug|Any CPU.Build.0 = Debug|Any CPU
		{8474A4FD-BCA1-4EBE-B5F4-88CE33E55FD6}.Release|Any CPU.ActiveCfg = Release|Any CPU
		{8474A4FD-BCA1-4EBE-B5F4-88CE33E55FD6}.Release|Any CPU.Build.0 = Release|Any CPU
		{A1BF326D-0356-4264-9E7C-7089D7D39219}.Debug|Any CPU.ActiveCfg = Debug|Any CPU
		{A1BF326D-0356-4264-9E7C-7089D7D39219}.Debug|Any CPU.Build.0 = Debug|Any CPU
		{A1BF326D-0356-4264-9E7C-7089D7D39219}.Release|Any CPU.ActiveCfg = Release|Any CPU
		{A1BF326D-0356-4264-9E7C-7089D7D39219}.Release|Any CPU.Build.0 = Release|Any CPU
		{3EE37942-2C8C-41E3-8E87-7740C15120A3}.Debug|Any CPU.ActiveCfg = Debug|Any CPU
		{3EE37942-2C8C-41E3-8E87-7740C15120A3}.Debug|Any CPU.Build.0 = Debug|Any CPU
		{3EE37942-2C8C-41E3-8E87-7740C15120A3}.Release|Any CPU.ActiveCfg = Release|Any CPU
		{3EE37942-2C8C-41E3-8E87-7740C15120A3}.Release|Any CPU.Build.0 = Release|Any CPU
		{28A3B53E-49DB-4243-8A54-A8AA582842B3}.Debug|Any CPU.ActiveCfg = Debug|Any CPU
		{28A3B53E-49DB-4243-8A54-A8AA582842B3}.Debug|Any CPU.Build.0 = Debug|Any CPU
		{28A3B53E-49DB-4243-8A54-A8AA582842B3}.Release|Any CPU.ActiveCfg = Release|Any CPU
		{28A3B53E-49DB-4243-8A54-A8AA582842B3}.Release|Any CPU.Build.0 = Release|Any CPU
		{44646132-624F-40A0-BE8E-AC4E58AAC96F}.Debug|Any CPU.ActiveCfg = Debug|Any CPU
		{44646132-624F-40A0-BE8E-AC4E58AAC96F}.Debug|Any CPU.Build.0 = Debug|Any CPU
		{44646132-624F-40A0-BE8E-AC4E58AAC96F}.Release|Any CPU.ActiveCfg = Release|Any CPU
		{44646132-624F-40A0-BE8E-AC4E58AAC96F}.Release|Any CPU.Build.0 = Release|Any CPU
		{B87C4A7F-6421-42AA-92BC-7D6D4F90FF96}.Debug|Any CPU.ActiveCfg = Debug|Any CPU
		{B87C4A7F-6421-42AA-92BC-7D6D4F90FF96}.Debug|Any CPU.Build.0 = Debug|Any CPU
		{B87C4A7F-6421-42AA-92BC-7D6D4F90FF96}.Release|Any CPU.ActiveCfg = Release|Any CPU
		{B87C4A7F-6421-42AA-92BC-7D6D4F90FF96}.Release|Any CPU.Build.0 = Release|Any CPU
		{07639987-802F-40DA-8C93-43EE0BA1992F}.Debug|Any CPU.ActiveCfg = Debug|Any CPU
		{07639987-802F-40DA-8C93-43EE0BA1992F}.Debug|Any CPU.Build.0 = Debug|Any CPU
		{07639987-802F-40DA-8C93-43EE0BA1992F}.Release|Any CPU.ActiveCfg = Release|Any CPU
		{07639987-802F-40DA-8C93-43EE0BA1992F}.Release|Any CPU.Build.0 = Release|Any CPU
		{5819BF88-CD07-4E85-BCC8-F08909996405}.Debug|Any CPU.ActiveCfg = Debug|Any CPU
		{5819BF88-CD07-4E85-BCC8-F08909996405}.Debug|Any CPU.Build.0 = Debug|Any CPU
		{5819BF88-CD07-4E85-BCC8-F08909996405}.Release|Any CPU.ActiveCfg = Release|Any CPU
		{5819BF88-CD07-4E85-BCC8-F08909996405}.Release|Any CPU.Build.0 = Release|Any CPU
		{59D54D10-4CB0-4E08-AF17-AB5F7121779E}.Debug|Any CPU.ActiveCfg = Debug|Any CPU
		{59D54D10-4CB0-4E08-AF17-AB5F7121779E}.Debug|Any CPU.Build.0 = Debug|Any CPU
		{59D54D10-4CB0-4E08-AF17-AB5F7121779E}.Release|Any CPU.ActiveCfg = Release|Any CPU
		{59D54D10-4CB0-4E08-AF17-AB5F7121779E}.Release|Any CPU.Build.0 = Release|Any CPU
		{57B71854-BA7D-4FFE-B8A4-B88ED4B2499D}.Debug|Any CPU.ActiveCfg = Debug|Any CPU
		{57B71854-BA7D-4FFE-B8A4-B88ED4B2499D}.Debug|Any CPU.Build.0 = Debug|Any CPU
		{57B71854-BA7D-4FFE-B8A4-B88ED4B2499D}.Release|Any CPU.ActiveCfg = Release|Any CPU
		{57B71854-BA7D-4FFE-B8A4-B88ED4B2499D}.Release|Any CPU.Build.0 = Release|Any CPU
		{F6B25123-15F0-4C83-B328-7D02AD94A1DF}.Debug|Any CPU.ActiveCfg = Debug|Any CPU
		{F6B25123-15F0-4C83-B328-7D02AD94A1DF}.Debug|Any CPU.Build.0 = Debug|Any CPU
		{F6B25123-15F0-4C83-B328-7D02AD94A1DF}.Release|Any CPU.ActiveCfg = Release|Any CPU
		{F6B25123-15F0-4C83-B328-7D02AD94A1DF}.Release|Any CPU.Build.0 = Release|Any CPU
	EndGlobalSection
	GlobalSection(NestedProjects) = preSolution
		{2CCAFB93-206C-4158-97CF-3A893131D465} = {C8697496-EBA8-41DB-A4DE-F2669A1FA1F7}
		{2C74001C-B648-4513-807B-9DF66E2C6B21} = {2CCAFB93-206C-4158-97CF-3A893131D465}
		{F2C790F7-8877-4621-8FBA-6A7F641CC47D} = {2CCAFB93-206C-4158-97CF-3A893131D465}
		{BB7A5847-A917-4E84-AB6D-82B03BAB6741} = {2CCAFB93-206C-4158-97CF-3A893131D465}
		{89333C81-66F0-428B-86BE-6397B1E2475E} = {2CCAFB93-206C-4158-97CF-3A893131D465}
		{A9F686AC-F399-4702-94A2-0FCDAE1FB5E4} = {2CCAFB93-206C-4158-97CF-3A893131D465}
		{E05E462B-D67F-4497-885D-F2006DC41D96} = {C8697496-EBA8-41DB-A4DE-F2669A1FA1F7}
		{73AF0193-31AE-46F3-89F6-7F24AEC2390F} = {E05E462B-D67F-4497-885D-F2006DC41D96}
		{B47236EA-3FCE-4C13-9B51-CEEF95DBC30D} = {E05E462B-D67F-4497-885D-F2006DC41D96}
		{C4533DB0-4D79-4A54-84DD-738C5D2C1AAE} = {E05E462B-D67F-4497-885D-F2006DC41D96}
		{DB2CDA37-93EF-4A68-8DE7-A9205B720417} = {E05E462B-D67F-4497-885D-F2006DC41D96}
		{3E184EB9-3722-4248-A0A7-8A46792FB2DE} = {E05E462B-D67F-4497-885D-F2006DC41D96}
		{FFE2A34D-6231-4870-9AF5-A3C5C34C0F36} = {C8697496-EBA8-41DB-A4DE-F2669A1FA1F7}
		{8474A4FD-BCA1-4EBE-B5F4-88CE33E55FD6} = {FFE2A34D-6231-4870-9AF5-A3C5C34C0F36}
		{74D8087E-9F39-4DF6-975B-FA8D2AE7B084} = {C8697496-EBA8-41DB-A4DE-F2669A1FA1F7}
		{A1BF326D-0356-4264-9E7C-7089D7D39219} = {74D8087E-9F39-4DF6-975B-FA8D2AE7B084}
		{3EE37942-2C8C-41E3-8E87-7740C15120A3} = {74D8087E-9F39-4DF6-975B-FA8D2AE7B084}
		{28A3B53E-49DB-4243-8A54-A8AA582842B3} = {74D8087E-9F39-4DF6-975B-FA8D2AE7B084}
		{44646132-624F-40A0-BE8E-AC4E58AAC96F} = {74D8087E-9F39-4DF6-975B-FA8D2AE7B084}
		{B87C4A7F-6421-42AA-92BC-7D6D4F90FF96} = {74D8087E-9F39-4DF6-975B-FA8D2AE7B084}
		{DA5F032C-90AD-4653-8754-210535E03D0C} = {C8697496-EBA8-41DB-A4DE-F2669A1FA1F7}
		{07639987-802F-40DA-8C93-43EE0BA1992F} = {DA5F032C-90AD-4653-8754-210535E03D0C}
		{5819BF88-CD07-4E85-BCC8-F08909996405} = {DA5F032C-90AD-4653-8754-210535E03D0C}
		{59D54D10-4CB0-4E08-AF17-AB5F7121779E} = {DA5F032C-90AD-4653-8754-210535E03D0C}
		{57B71854-BA7D-4FFE-B8A4-B88ED4B2499D} = {DA5F032C-90AD-4653-8754-210535E03D0C}
		{F6B25123-15F0-4C83-B328-7D02AD94A1DF} = {DA5F032C-90AD-4653-8754-210535E03D0C}
	EndGlobalSection
EndGlobal
